// !$*UTF8*$!
{
	archiveVersion = 1;
	classes = {
	};
	objectVersion = 56;
	objects = {

/* Begin PBXBuildFile section */
		1073D6BA28A98F26003DA543 /* AppDelegate.swift in Sources */ = {isa = PBXBuildFile; fileRef = 1073D6B928A98F26003DA543 /* AppDelegate.swift */; };
		1073D6BC28A98F26003DA543 /* SceneDelegate.swift in Sources */ = {isa = PBXBuildFile; fileRef = 1073D6BB28A98F26003DA543 /* SceneDelegate.swift */; };
		1073D6C428A98F26003DA543 /* ContactApp.xcdatamodeld in Sources */ = {isa = PBXBuildFile; fileRef = 1073D6C228A98F26003DA543 /* ContactApp.xcdatamodeld */; };
		1073D6C628A98F27003DA543 /* Assets.xcassets in Resources */ = {isa = PBXBuildFile; fileRef = 1073D6C528A98F27003DA543 /* Assets.xcassets */; };
		1073D6C928A98F27003DA543 /* LaunchScreen.storyboard in Resources */ = {isa = PBXBuildFile; fileRef = 1073D6C728A98F27003DA543 /* LaunchScreen.storyboard */; };
		1073D6D728A9A375003DA543 /* Contact.swift in Sources */ = {isa = PBXBuildFile; fileRef = 1073D6D628A9A375003DA543 /* Contact.swift */; };
		1081EBEA28AB2DFD00840BD2 /* Assets.xcassets in Resources */ = {isa = PBXBuildFile; fileRef = 1081EBDF28AB2DFD00840BD2 /* Assets.xcassets */; };
		1081EBEB28AB2DFD00840BD2 /* ContactTableViewController.swift in Sources */ = {isa = PBXBuildFile; fileRef = 1081EBE028AB2DFD00840BD2 /* ContactTableViewController.swift */; };
		1081EBEC28AB2DFD00840BD2 /* fr-CA.lproj in Resources */ = {isa = PBXBuildFile; fileRef = 1081EBE128AB2DFD00840BD2 /* fr-CA.lproj */; };
		1081EBED28AB2DFD00840BD2 /* DetailedContactViewController.swift in Sources */ = {isa = PBXBuildFile; fileRef = 1081EBE228AB2DFD00840BD2 /* DetailedContactViewController.swift */; };
		1081EBEE28AB2DFD00840BD2 /* ContactApp.xcdatamodeld in Sources */ = {isa = PBXBuildFile; fileRef = 1081EBE328AB2DFD00840BD2 /* ContactApp.xcdatamodeld */; };
		1081EBEF28AB2DFD00840BD2 /* Base.lproj in Resources */ = {isa = PBXBuildFile; fileRef = 1081EBE528AB2DFD00840BD2 /* Base.lproj */; };
		1081EBF028AB2DFD00840BD2 /* ViewController.swift in Sources */ = {isa = PBXBuildFile; fileRef = 1081EBE628AB2DFD00840BD2 /* ViewController.swift */; };
		1081EBF128AB2DFD00840BD2 /* en.lproj in Resources */ = {isa = PBXBuildFile; fileRef = 1081EBE728AB2DFD00840BD2 /* en.lproj */; };
		1081EBF228AB2DFD00840BD2 /* ContactTableViewCell.swift in Sources */ = {isa = PBXBuildFile; fileRef = 1081EBE828AB2DFD00840BD2 /* ContactTableViewCell.swift */; };
		1081EBF328AB2DFD00840BD2 /* ContactList.swift in Sources */ = {isa = PBXBuildFile; fileRef = 1081EBE928AB2DFD00840BD2 /* ContactList.swift */; };
		1081EC0428AB30BF00840BD2 /* Main.strings in Resources */ = {isa = PBXBuildFile; fileRef = 1081EBF528AB30BF00840BD2 /* Main.strings */; };
		1081EC0528AB30BF00840BD2 /* Localizable.strings in Resources */ = {isa = PBXBuildFile; fileRef = 1081EBF728AB30BF00840BD2 /* Localizable.strings */; };
		1081EC0628AB30BF00840BD2 /* Localizable.strings in Resources */ = {isa = PBXBuildFile; fileRef = 1081EBFA28AB30BF00840BD2 /* Localizable.strings */; };
		1081EC0728AB30BF00840BD2 /* LaunchScreen.storyboard in Resources */ = {isa = PBXBuildFile; fileRef = 1081EBFD28AB30BF00840BD2 /* LaunchScreen.storyboard */; };
		1081EC0828AB30BF00840BD2 /* Main.storyboard in Resources */ = {isa = PBXBuildFile; fileRef = 1081EBFF28AB30BF00840BD2 /* Main.storyboard */; };
		1081EC0928AB30BF00840BD2 /* ContactApp.xcdatamodeld in Sources */ = {isa = PBXBuildFile; fileRef = 1081EC0128AB30BF00840BD2 /* ContactApp.xcdatamodeld */; };
		1081EC0A28AB30BF00840BD2 /* Assets.xcassets in Resources */ = {isa = PBXBuildFile; fileRef = 1081EC0328AB30BF00840BD2 /* Assets.xcassets */; };
/* End PBXBuildFile section */

/* Begin PBXFileReference section */
		1073D6B628A98F26003DA543 /* ContactApp.app */ = {isa = PBXFileReference; explicitFileType = wrapper.application; includeInIndex = 0; path = ContactApp.app; sourceTree = BUILT_PRODUCTS_DIR; };
		1073D6B928A98F26003DA543 /* AppDelegate.swift */ = {isa = PBXFileReference; lastKnownFileType = sourcecode.swift; path = AppDelegate.swift; sourceTree = "<group>"; };
		1073D6BB28A98F26003DA543 /* SceneDelegate.swift */ = {isa = PBXFileReference; lastKnownFileType = sourcecode.swift; path = SceneDelegate.swift; sourceTree = "<group>"; };
		1073D6C328A98F26003DA543 /* ContactApp.xcdatamodel */ = {isa = PBXFileReference; lastKnownFileType = wrapper.xcdatamodel; path = ContactApp.xcdatamodel; sourceTree = "<group>"; };
		1073D6C528A98F27003DA543 /* Assets.xcassets */ = {isa = PBXFileReference; lastKnownFileType = folder.assetcatalog; path = Assets.xcassets; sourceTree = "<group>"; };
		1073D6C828A98F27003DA543 /* Base */ = {isa = PBXFileReference; lastKnownFileType = file.storyboard; name = Base; path = Base.lproj/LaunchScreen.storyboard; sourceTree = "<group>"; };
		1073D6CA28A98F27003DA543 /* Info.plist */ = {isa = PBXFileReference; lastKnownFileType = text.plist.xml; path = Info.plist; sourceTree = "<group>"; };
		1073D6D628A9A375003DA543 /* Contact.swift */ = {isa = PBXFileReference; lastKnownFileType = sourcecode.swift; path = Contact.swift; sourceTree = "<group>"; };
		1081EBDF28AB2DFD00840BD2 /* Assets.xcassets */ = {isa = PBXFileReference; lastKnownFileType = folder.assetcatalog; path = Assets.xcassets; sourceTree = "<group>"; };
		1081EBE028AB2DFD00840BD2 /* ContactTableViewController.swift */ = {isa = PBXFileReference; fileEncoding = 4; lastKnownFileType = sourcecode.swift; path = ContactTableViewController.swift; sourceTree = "<group>"; };
		1081EBE128AB2DFD00840BD2 /* fr-CA.lproj */ = {isa = PBXFileReference; lastKnownFileType = folder; path = "fr-CA.lproj"; sourceTree = "<group>"; };
		1081EBE228AB2DFD00840BD2 /* DetailedContactViewController.swift */ = {isa = PBXFileReference; fileEncoding = 4; lastKnownFileType = sourcecode.swift; path = DetailedContactViewController.swift; sourceTree = "<group>"; };
		1081EBE428AB2DFD00840BD2 /* ContactApp.xcdatamodel */ = {isa = PBXFileReference; lastKnownFileType = wrapper.xcdatamodel; path = ContactApp.xcdatamodel; sourceTree = "<group>"; };
		1081EBE528AB2DFD00840BD2 /* Base.lproj */ = {isa = PBXFileReference; lastKnownFileType = folder; path = Base.lproj; sourceTree = "<group>"; };
		1081EBE628AB2DFD00840BD2 /* ViewController.swift */ = {isa = PBXFileReference; fileEncoding = 4; lastKnownFileType = sourcecode.swift; path = ViewController.swift; sourceTree = "<group>"; };
		1081EBE728AB2DFD00840BD2 /* en.lproj */ = {isa = PBXFileReference; lastKnownFileType = folder; path = en.lproj; sourceTree = "<group>"; };
		1081EBE828AB2DFD00840BD2 /* ContactTableViewCell.swift */ = {isa = PBXFileReference; fileEncoding = 4; lastKnownFileType = sourcecode.swift; path = ContactTableViewCell.swift; sourceTree = "<group>"; };
		1081EBE928AB2DFD00840BD2 /* ContactList.swift */ = {isa = PBXFileReference; fileEncoding = 4; lastKnownFileType = sourcecode.swift; path = ContactList.swift; sourceTree = "<group>"; };
		1081EBF628AB30BF00840BD2 /* fr-CA */ = {isa = PBXFileReference; lastKnownFileType = text.plist.strings; name = "fr-CA"; path = Main.strings; sourceTree = "<group>"; };
		1081EBF828AB30BF00840BD2 /* fr-CA */ = {isa = PBXFileReference; lastKnownFileType = text.plist.strings; name = "fr-CA"; path = Localizable.strings; sourceTree = "<group>"; };
		1081EBFB28AB30BF00840BD2 /* en */ = {isa = PBXFileReference; lastKnownFileType = text.plist.strings; name = en; path = Localizable.strings; sourceTree = "<group>"; };
		1081EBFE28AB30BF00840BD2 /* Base */ = {isa = PBXFileReference; lastKnownFileType = file.storyboard; name = Base; path = LaunchScreen.storyboard; sourceTree = "<group>"; };
		1081EC0028AB30BF00840BD2 /* Base */ = {isa = PBXFileReference; lastKnownFileType = file.storyboard; name = Base; path = Main.storyboard; sourceTree = "<group>"; };
		1081EC0228AB30BF00840BD2 /* ContactApp.xcdatamodel */ = {isa = PBXFileReference; lastKnownFileType = wrapper.xcdatamodel; path = ContactApp.xcdatamodel; sourceTree = "<group>"; };
		1081EC0328AB30BF00840BD2 /* Assets.xcassets */ = {isa = PBXFileReference; lastKnownFileType = folder.assetcatalog; path = Assets.xcassets; sourceTree = "<group>"; };
/* End PBXFileReference section */

/* Begin PBXFrameworksBuildPhase section */
		1073D6B328A98F26003DA543 /* Frameworks */ = {
			isa = PBXFrameworksBuildPhase;
			buildActionMask = 2147483647;
			files = (
			);
			runOnlyForDeploymentPostprocessing = 0;
		};
/* End PBXFrameworksBuildPhase section */

/* Begin PBXGroup section */
		1073D6AD28A98F26003DA543 = {
			isa = PBXGroup;
			children = (
				1073D6B828A98F26003DA543 /* ContactApp */,
				1073D6B728A98F26003DA543 /* Products */,
			);
			sourceTree = "<group>";
		};
		1073D6B728A98F26003DA543 /* Products */ = {
			isa = PBXGroup;
			children = (
				1073D6B628A98F26003DA543 /* ContactApp.app */,
			);
			name = Products;
			sourceTree = "<group>";
		};
		1073D6B828A98F26003DA543 /* ContactApp */ = {
			isa = PBXGroup;
			children = (
				1081EC0328AB30BF00840BD2 /* Assets.xcassets */,
				1081EBFC28AB30BF00840BD2 /* Base.lproj */,
				1081EC0128AB30BF00840BD2 /* ContactApp.xcdatamodeld */,
				1081EBF928AB30BF00840BD2 /* en.lproj */,
				1081EBF428AB30BF00840BD2 /* fr-CA.lproj */,
				1073D6B928A98F26003DA543 /* AppDelegate.swift */,
				1073D6BB28A98F26003DA543 /* SceneDelegate.swift */,
				1073D6D628A9A375003DA543 /* Contact.swift */,
				1073D6C528A98F27003DA543 /* Assets.xcassets */,
				1081EBDF28AB2DFD00840BD2 /* Assets.xcassets */,
				1081EBE528AB2DFD00840BD2 /* Base.lproj */,
				1081EBE328AB2DFD00840BD2 /* ContactApp.xcdatamodeld */,
				1081EBE928AB2DFD00840BD2 /* ContactList.swift */,
				1081EBE828AB2DFD00840BD2 /* ContactTableViewCell.swift */,
				1081EBE028AB2DFD00840BD2 /* ContactTableViewController.swift */,
				1081EBE228AB2DFD00840BD2 /* DetailedContactViewController.swift */,
				1081EBE728AB2DFD00840BD2 /* en.lproj */,
				1081EBE128AB2DFD00840BD2 /* fr-CA.lproj */,
				1081EBE628AB2DFD00840BD2 /* ViewController.swift */,
				1073D6C728A98F27003DA543 /* LaunchScreen.storyboard */,
				1073D6CA28A98F27003DA543 /* Info.plist */,
				1073D6C228A98F26003DA543 /* ContactApp.xcdatamodeld */,
			);
			path = ContactApp;
			sourceTree = "<group>";
		};
		1081EBF428AB30BF00840BD2 /* fr-CA.lproj */ = {
			isa = PBXGroup;
			children = (
				1081EBF528AB30BF00840BD2 /* Main.strings */,
				1081EBF728AB30BF00840BD2 /* Localizable.strings */,
			);
			path = "fr-CA.lproj";
			sourceTree = "<group>";
		};
		1081EBF928AB30BF00840BD2 /* en.lproj */ = {
			isa = PBXGroup;
			children = (
				1081EBFA28AB30BF00840BD2 /* Localizable.strings */,
			);
			path = en.lproj;
			sourceTree = "<group>";
		};
		1081EBFC28AB30BF00840BD2 /* Base.lproj */ = {
			isa = PBXGroup;
			children = (
				1081EBFD28AB30BF00840BD2 /* LaunchScreen.storyboard */,
				1081EBFF28AB30BF00840BD2 /* Main.storyboard */,
			);
			path = Base.lproj;
			sourceTree = "<group>";
		};
/* End PBXGroup section */

/* Begin PBXNativeTarget section */
		1073D6B528A98F26003DA543 /* ContactApp */ = {
			isa = PBXNativeTarget;
			buildConfigurationList = 1073D6CD28A98F27003DA543 /* Build configuration list for PBXNativeTarget "ContactApp" */;
			buildPhases = (
				1073D6B228A98F26003DA543 /* Sources */,
				1073D6B328A98F26003DA543 /* Frameworks */,
				1073D6B428A98F26003DA543 /* Resources */,
			);
			buildRules = (
			);
			dependencies = (
			);
			name = ContactApp;
			productName = ContactApp;
			productReference = 1073D6B628A98F26003DA543 /* ContactApp.app */;
			productType = "com.apple.product-type.application";
		};
/* End PBXNativeTarget section */

/* Begin PBXProject section */
		1073D6AE28A98F26003DA543 /* Project object */ = {
			isa = PBXProject;
			attributes = {
				BuildIndependentTargetsInParallel = 1;
				LastSwiftUpdateCheck = 1400;
				LastUpgradeCheck = 1400;
				TargetAttributes = {
					1073D6B528A98F26003DA543 = {
						CreatedOnToolsVersion = 14.0;
					};
				};
			};
			buildConfigurationList = 1073D6B128A98F26003DA543 /* Build configuration list for PBXProject "ContactApp" */;
			compatibilityVersion = "Xcode 14.0";
			developmentRegion = en;
			hasScannedForEncodings = 0;
			knownRegions = (
				en,
				Base,
				"fr-CA",
			);
			mainGroup = 1073D6AD28A98F26003DA543;
			productRefGroup = 1073D6B728A98F26003DA543 /* Products */;
			projectDirPath = "";
			projectRoot = "";
			targets = (
				1073D6B528A98F26003DA543 /* ContactApp */,
			);
		};
/* End PBXProject section */

/* Begin PBXResourcesBuildPhase section */
		1073D6B428A98F26003DA543 /* Resources */ = {
			isa = PBXResourcesBuildPhase;
			buildActionMask = 2147483647;
			files = (
				1073D6C928A98F27003DA543 /* LaunchScreen.storyboard in Resources */,
				1081EBEC28AB2DFD00840BD2 /* fr-CA.lproj in Resources */,
				1081EBEF28AB2DFD00840BD2 /* Base.lproj in Resources */,
				1081EC0728AB30BF00840BD2 /* LaunchScreen.storyboard in Resources */,
				1081EBEA28AB2DFD00840BD2 /* Assets.xcassets in Resources */,
				1081EC0828AB30BF00840BD2 /* Main.storyboard in Resources */,
				1081EC0628AB30BF00840BD2 /* Localizable.strings in Resources */,
				1081EC0428AB30BF00840BD2 /* Main.strings in Resources */,
				1081EC0528AB30BF00840BD2 /* Localizable.strings in Resources */,
				1081EBF128AB2DFD00840BD2 /* en.lproj in Resources */,
				1081EC0A28AB30BF00840BD2 /* Assets.xcassets in Resources */,
				1073D6C628A98F27003DA543 /* Assets.xcassets in Resources */,
			);
			runOnlyForDeploymentPostprocessing = 0;
		};
/* End PBXResourcesBuildPhase section */

/* Begin PBXSourcesBuildPhase section */
		1073D6B228A98F26003DA543 /* Sources */ = {
			isa = PBXSourcesBuildPhase;
			buildActionMask = 2147483647;
			files = (
				1081EC0928AB30BF00840BD2 /* ContactApp.xcdatamodeld in Sources */,
				1081EBF328AB2DFD00840BD2 /* ContactList.swift in Sources */,
				1081EBF028AB2DFD00840BD2 /* ViewController.swift in Sources */,
				1081EBEE28AB2DFD00840BD2 /* ContactApp.xcdatamodeld in Sources */,
				1081EBF228AB2DFD00840BD2 /* ContactTableViewCell.swift in Sources */,
				1073D6D728A9A375003DA543 /* Contact.swift in Sources */,
				1073D6C428A98F26003DA543 /* ContactApp.xcdatamodeld in Sources */,
				1081EBEB28AB2DFD00840BD2 /* ContactTableViewController.swift in Sources */,
				1081EBED28AB2DFD00840BD2 /* DetailedContactViewController.swift in Sources */,
				1073D6BA28A98F26003DA543 /* AppDelegate.swift in Sources */,
				1073D6BC28A98F26003DA543 /* SceneDelegate.swift in Sources */,
			);
			runOnlyForDeploymentPostprocessing = 0;
		};
/* End PBXSourcesBuildPhase section */

/* Begin PBXVariantGroup section */
		1073D6C728A98F27003DA543 /* LaunchScreen.storyboard */ = {
			isa = PBXVariantGroup;
			children = (
				1073D6C828A98F27003DA543 /* Base */,
			);
			name = LaunchScreen.storyboard;
			sourceTree = "<group>";
		};
		1081EBF528AB30BF00840BD2 /* Main.strings */ = {
			isa = PBXVariantGroup;
			children = (
				1081EBF628AB30BF00840BD2 /* fr-CA */,
			);
			name = Main.strings;
			sourceTree = "<group>";
		};
		1081EBF728AB30BF00840BD2 /* Localizable.strings */ = {
			isa = PBXVariantGroup;
			children = (
				1081EBF828AB30BF00840BD2 /* fr-CA */,
			);
			name = Localizable.strings;
			sourceTree = "<group>";
		};
		1081EBFA28AB30BF00840BD2 /* Localizable.strings */ = {
			isa = PBXVariantGroup;
			children = (
				1081EBFB28AB30BF00840BD2 /* en */,
			);
			name = Localizable.strings;
			sourceTree = "<group>";
		};
		1081EBFD28AB30BF00840BD2 /* LaunchScreen.storyboard */ = {
			isa = PBXVariantGroup;
			children = (
				1081EBFE28AB30BF00840BD2 /* Base */,
			);
			name = LaunchScreen.storyboard;
			sourceTree = "<group>";
		};
		1081EBFF28AB30BF00840BD2 /* Main.storyboard */ = {
			isa = PBXVariantGroup;
			children = (
				1081EC0028AB30BF00840BD2 /* Base */,
			);
			name = Main.storyboard;
			sourceTree = "<group>";
		};
/* End PBXVariantGroup section */

/* Begin XCBuildConfiguration section */
		1073D6CB28A98F27003DA543 /* Debug */ = {
			isa = XCBuildConfiguration;
			buildSettings = {
				ALWAYS_SEARCH_USER_PATHS = NO;
				CLANG_ANALYZER_NONNULL = YES;
				CLANG_ANALYZER_NUMBER_OBJECT_CONVERSION = YES_AGGRESSIVE;
				CLANG_CXX_LANGUAGE_STANDARD = "gnu++20";
				CLANG_ENABLE_MODULES = YES;
				CLANG_ENABLE_OBJC_ARC = YES;
				CLANG_ENABLE_OBJC_WEAK = YES;
				CLANG_WARN_BLOCK_CAPTURE_AUTORELEASING = YES;
				CLANG_WARN_BOOL_CONVERSION = YES;
				CLANG_WARN_COMMA = YES;
				CLANG_WARN_CONSTANT_CONVERSION = YES;
				CLANG_WARN_DEPRECATED_OBJC_IMPLEMENTATIONS = YES;
				CLANG_WARN_DIRECT_OBJC_ISA_USAGE = YES_ERROR;
				CLANG_WARN_DOCUMENTATION_COMMENTS = YES;
				CLANG_WARN_EMPTY_BODY = YES;
				CLANG_WARN_ENUM_CONVERSION = YES;
				CLANG_WARN_INFINITE_RECURSION = YES;
				CLANG_WARN_INT_CONVERSION = YES;
				CLANG_WARN_NON_LITERAL_NULL_CONVERSION = YES;
				CLANG_WARN_OBJC_IMPLICIT_RETAIN_SELF = YES;
				CLANG_WARN_OBJC_LITERAL_CONVERSION = YES;
				CLANG_WARN_OBJC_ROOT_CLASS = YES_ERROR;
				CLANG_WARN_QUOTED_INCLUDE_IN_FRAMEWORK_HEADER = YES;
				CLANG_WARN_RANGE_LOOP_ANALYSIS = YES;
				CLANG_WARN_STRICT_PROTOTYPES = YES;
				CLANG_WARN_SUSPICIOUS_MOVE = YES;
				CLANG_WARN_UNGUARDED_AVAILABILITY = YES_AGGRESSIVE;
				CLANG_WARN_UNREACHABLE_CODE = YES;
				CLANG_WARN__DUPLICATE_METHOD_MATCH = YES;
				COPY_PHASE_STRIP = NO;
				DEBUG_INFORMATION_FORMAT = dwarf;
				ENABLE_STRICT_OBJC_MSGSEND = YES;
				ENABLE_TESTABILITY = YES;
				GCC_C_LANGUAGE_STANDARD = gnu11;
				GCC_DYNAMIC_NO_PIC = NO;
				GCC_NO_COMMON_BLOCKS = YES;
				GCC_OPTIMIZATION_LEVEL = 0;
				GCC_PREPROCESSOR_DEFINITIONS = (
					"DEBUG=1",
					"$(inherited)",
				);
				GCC_WARN_64_TO_32_BIT_CONVERSION = YES;
				GCC_WARN_ABOUT_RETURN_TYPE = YES_ERROR;
				GCC_WARN_UNDECLARED_SELECTOR = YES;
				GCC_WARN_UNINITIALIZED_AUTOS = YES_AGGRESSIVE;
				GCC_WARN_UNUSED_FUNCTION = YES;
				GCC_WARN_UNUSED_VARIABLE = YES;
				IPHONEOS_DEPLOYMENT_TARGET = 16.0;
				MTL_ENABLE_DEBUG_INFO = INCLUDE_SOURCE;
				MTL_FAST_MATH = YES;
				ONLY_ACTIVE_ARCH = YES;
				SDKROOT = iphoneos;
				SWIFT_ACTIVE_COMPILATION_CONDITIONS = DEBUG;
				SWIFT_OPTIMIZATION_LEVEL = "-Onone";
			};
			name = Debug;
		};
		1073D6CC28A98F27003DA543 /* Release */ = {
			isa = XCBuildConfiguration;
			buildSettings = {
				ALWAYS_SEARCH_USER_PATHS = NO;
				CLANG_ANALYZER_NONNULL = YES;
				CLANG_ANALYZER_NUMBER_OBJECT_CONVERSION = YES_AGGRESSIVE;
				CLANG_CXX_LANGUAGE_STANDARD = "gnu++20";
				CLANG_ENABLE_MODULES = YES;
				CLANG_ENABLE_OBJC_ARC = YES;
				CLANG_ENABLE_OBJC_WEAK = YES;
				CLANG_WARN_BLOCK_CAPTURE_AUTORELEASING = YES;
				CLANG_WARN_BOOL_CONVERSION = YES;
				CLANG_WARN_COMMA = YES;
				CLANG_WARN_CONSTANT_CONVERSION = YES;
				CLANG_WARN_DEPRECATED_OBJC_IMPLEMENTATIONS = YES;
				CLANG_WARN_DIRECT_OBJC_ISA_USAGE = YES_ERROR;
				CLANG_WARN_DOCUMENTATION_COMMENTS = YES;
				CLANG_WARN_EMPTY_BODY = YES;
				CLANG_WARN_ENUM_CONVERSION = YES;
				CLANG_WARN_INFINITE_RECURSION = YES;
				CLANG_WARN_INT_CONVERSION = YES;
				CLANG_WARN_NON_LITERAL_NULL_CONVERSION = YES;
				CLANG_WARN_OBJC_IMPLICIT_RETAIN_SELF = YES;
				CLANG_WARN_OBJC_LITERAL_CONVERSION = YES;
				CLANG_WARN_OBJC_ROOT_CLASS = YES_ERROR;
				CLANG_WARN_QUOTED_INCLUDE_IN_FRAMEWORK_HEADER = YES;
				CLANG_WARN_RANGE_LOOP_ANALYSIS = YES;
				CLANG_WARN_STRICT_PROTOTYPES = YES;
				CLANG_WARN_SUSPICIOUS_MOVE = YES;
				CLANG_WARN_UNGUARDED_AVAILABILITY = YES_AGGRESSIVE;
				CLANG_WARN_UNREACHABLE_CODE = YES;
				CLANG_WARN__DUPLICATE_METHOD_MATCH = YES;
				COPY_PHASE_STRIP = NO;
				DEBUG_INFORMATION_FORMAT = "dwarf-with-dsym";
				ENABLE_NS_ASSERTIONS = NO;
				ENABLE_STRICT_OBJC_MSGSEND = YES;
				GCC_C_LANGUAGE_STANDARD = gnu11;
				GCC_NO_COMMON_BLOCKS = YES;
				GCC_WARN_64_TO_32_BIT_CONVERSION = YES;
				GCC_WARN_ABOUT_RETURN_TYPE = YES_ERROR;
				GCC_WARN_UNDECLARED_SELECTOR = YES;
				GCC_WARN_UNINITIALIZED_AUTOS = YES_AGGRESSIVE;
				GCC_WARN_UNUSED_FUNCTION = YES;
				GCC_WARN_UNUSED_VARIABLE = YES;
				IPHONEOS_DEPLOYMENT_TARGET = 16.0;
				MTL_ENABLE_DEBUG_INFO = NO;
				MTL_FAST_MATH = YES;
				SDKROOT = iphoneos;
				SWIFT_COMPILATION_MODE = wholemodule;
				SWIFT_OPTIMIZATION_LEVEL = "-O";
				VALIDATE_PRODUCT = YES;
			};
			name = Release;
		};
		1073D6CE28A98F27003DA543 /* Debug */ = {
			isa = XCBuildConfiguration;
			buildSettings = {
				ASSETCATALOG_COMPILER_APPICON_NAME = AppIcon;
				ASSETCATALOG_COMPILER_GLOBAL_ACCENT_COLOR_NAME = AccentColor;
				CODE_SIGN_STYLE = Automatic;
				CURRENT_PROJECT_VERSION = 1;
				GENERATE_INFOPLIST_FILE = YES;
				INFOPLIST_FILE = ContactApp/Info.plist;
				INFOPLIST_KEY_UIApplicationSupportsIndirectInputEvents = YES;
				INFOPLIST_KEY_UILaunchStoryboardName = LaunchScreen;
				INFOPLIST_KEY_UIMainStoryboardFile = Main;
				INFOPLIST_KEY_UISupportedInterfaceOrientations_iPad = "UIInterfaceOrientationPortrait UIInterfaceOrientationPortraitUpsideDown UIInterfaceOrientationLandscapeLeft UIInterfaceOrientationLandscapeRight";
				INFOPLIST_KEY_UISupportedInterfaceOrientations_iPhone = "UIInterfaceOrientationPortrait UIInterfaceOrientationLandscapeLeft UIInterfaceOrientationLandscapeRight";
				LD_RUNPATH_SEARCH_PATHS = (
					"$(inherited)",
					"@executable_path/Frameworks",
				);
				MARKETING_VERSION = 1.0;
				PRODUCT_BUNDLE_IDENTIFIER = Rush.ContactApp;
				PRODUCT_NAME = "$(TARGET_NAME)";
				SWIFT_EMIT_LOC_STRINGS = YES;
				SWIFT_VERSION = 5.0;
				TARGETED_DEVICE_FAMILY = "1,2";
			};
			name = Debug;
		};
		1073D6CF28A98F27003DA543 /* Release */ = {
			isa = XCBuildConfiguration;
			buildSettings = {
				ASSETCATALOG_COMPILER_APPICON_NAME = AppIcon;
				ASSETCATALOG_COMPILER_GLOBAL_ACCENT_COLOR_NAME = AccentColor;
				CODE_SIGN_STYLE = Automatic;
				CURRENT_PROJECT_VERSION = 1;
				GENERATE_INFOPLIST_FILE = YES;
				INFOPLIST_FILE = ContactApp/Info.plist;
				INFOPLIST_KEY_UIApplicationSupportsIndirectInputEvents = YES;
				INFOPLIST_KEY_UILaunchStoryboardName = LaunchScreen;
				INFOPLIST_KEY_UIMainStoryboardFile = Main;
				INFOPLIST_KEY_UISupportedInterfaceOrientations_iPad = "UIInterfaceOrientationPortrait UIInterfaceOrientationPortraitUpsideDown UIInterfaceOrientationLandscapeLeft UIInterfaceOrientationLandscapeRight";
				INFOPLIST_KEY_UISupportedInterfaceOrientations_iPhone = "UIInterfaceOrientationPortrait UIInterfaceOrientationLandscapeLeft UIInterfaceOrientationLandscapeRight";
				LD_RUNPATH_SEARCH_PATHS = (
					"$(inherited)",
					"@executable_path/Frameworks",
				);
				MARKETING_VERSION = 1.0;
				PRODUCT_BUNDLE_IDENTIFIER = Rush.ContactApp;
				PRODUCT_NAME = "$(TARGET_NAME)";
				SWIFT_EMIT_LOC_STRINGS = YES;
				SWIFT_VERSION = 5.0;
				TARGETED_DEVICE_FAMILY = "1,2";
			};
			name = Release;
		};
/* End XCBuildConfiguration section */

/* Begin XCConfigurationList section */
		1073D6B128A98F26003DA543 /* Build configuration list for PBXProject "ContactApp" */ = {
			isa = XCConfigurationList;
			buildConfigurations = (
				1073D6CB28A98F27003DA543 /* Debug */,
				1073D6CC28A98F27003DA543 /* Release */,
			);
			defaultConfigurationIsVisible = 0;
			defaultConfigurationName = Release;
		};
		1073D6CD28A98F27003DA543 /* Build configuration list for PBXNativeTarget "ContactApp" */ = {
			isa = XCConfigurationList;
			buildConfigurations = (
				1073D6CE28A98F27003DA543 /* Debug */,
				1073D6CF28A98F27003DA543 /* Release */,
			);
			defaultConfigurationIsVisible = 0;
			defaultConfigurationName = Release;
		};
/* End XCConfigurationList section */

/* Begin XCVersionGroup section */
		1073D6C228A98F26003DA543 /* ContactApp.xcdatamodeld */ = {
			isa = XCVersionGroup;
			children = (
				1073D6C328A98F26003DA543 /* ContactApp.xcdatamodel */,
			);
			currentVersion = 1073D6C328A98F26003DA543 /* ContactApp.xcdatamodel */;
			path = ContactApp.xcdatamodeld;
			sourceTree = "<group>";
			versionGroupType = wrapper.xcdatamodel;
		};
		1081EBE328AB2DFD00840BD2 /* ContactApp.xcdatamodeld */ = {
			isa = XCVersionGroup;
			children = (
				1081EBE428AB2DFD00840BD2 /* ContactApp.xcdatamodel */,
			);
			currentVersion = 1081EBE428AB2DFD00840BD2 /* ContactApp.xcdatamodel */;
			path = ContactApp.xcdatamodeld;
			sourceTree = "<group>";
			versionGroupType = wrapper.xcdatamodel;
		};
		1081EC0128AB30BF00840BD2 /* ContactApp.xcdatamodeld */ = {
			isa = XCVersionGroup;
			children = (
				1081EC0228AB30BF00840BD2 /* ContactApp.xcdatamodel */,
			);
			currentVersion = 1081EC0228AB30BF00840BD2 /* ContactApp.xcdatamodel */;
			path = ContactApp.xcdatamodeld;
			sourceTree = "<group>";
			versionGroupType = wrapper.xcdatamodel;
		};
/* End XCVersionGroup section */
	};
	rootObject = 1073D6AE28A98F26003DA543 /* Project object */;
}
